
Microsoft Visual Studio Solution File, Format Version 9.00
# Visual Studio 2005
Project("{6989167D-11E4-40FE-8C1A-2192A86A7E90}") = "para32", "para32.vfproj", "{8B7F3472-1DE1-4EEF-BDD9-411D5E53145D}"
EndProject
Project("{6989167D-11E4-40FE-8C1A-2192A86A7E90}") = "para_main32", "para_main32.vfproj", "{8DFFD0BC-5EA3-4969-820B-6E206624D41D}"
EndProject
Global
	GlobalSection(SolutionConfigurationPlatforms) = preSolution
		Debug|Win32 = Debug|Win32
		Release|Win32 = Release|Win32
	EndGlobalSection
	GlobalSection(ProjectConfigurationPlatforms) = postSolution
		{8B7F3472-1DE1-4EEF-BDD9-411D5E53145D}.Debug|Win32.ActiveCfg = Debug|Win32
		{8B7F3472-1DE1-4EEF-BDD9-411D5E53145D}.Debug|Win32.Build.0 = Debug|Win32
		{8B7F3472-1DE1-4EEF-BDD9-411D5E53145D}.Release|Win32.ActiveCfg = Release|Win32
		{8B7F3472-1DE1-4EEF-BDD9-411D5E53145D}.Release|Win32.Build.0 = Release|Win32
		{8DFFD0BC-5EA3-4969-820B-6E206624D41D}.Debug|Win32.ActiveCfg = Debug|Win32
		{8DFFD0BC-5EA3-4969-820B-6E206624D41D}.Debug|Win32.Build.0 = Debug|Win32
		{8DFFD0BC-5EA3-4969-820B-6E206624D41D}.Release|Win32.ActiveCfg = Release|Win32
		{8DFFD0BC-5EA3-4969-820B-6E206624D41D}.Release|Win32.Build.0 = Release|Win32
	EndGlobalSection
	GlobalSection(SolutionProperties) = preSolution
		HideSolutionNode = FALSE
	EndGlobalSection
EndGlobal
